
Microsoft Visual Studio Solution File, Format Version 12.00
# Visual Studio Version 16
VisualStudioVersion = 16.0.30114.105
MinimumVisualStudioVersion = 10.0.40219.1
Project("{FAE04EC0-301F-11D3-BF4B-00C04F79EFBC}") = "webapi", "webapi\webapi.csproj", "{196E916C-24FD-475B-9AD4-52242B11641F}"
EndProject
Global
	GlobalSection(SolutionConfigurationPlatforms) = preSolution
		Debug|Any CPU = Debug|Any CPU
		Release|Any CPU = Release|Any CPU
	EndGlobalSection
	GlobalSection(SolutionProperties) = preSolution
		HideSolutionNode = FALSE
	EndGlobalSection
	GlobalSection(ProjectConfigurationPlatforms) = postSolution
		{196E916C-24FD-475B-9AD4-52242B11641F}.Debug|Any CPU.ActiveCfg = Debug|Any CPU
		{196E916C-24FD-475B-9AD4-52242B11641F}.Debug|Any CPU.Build.0 = Debug|Any CPU
		{196E916C-24FD-475B-9AD4-52242B11641F}.Release|Any CPU.ActiveCfg = Release|Any CPU
		{196E916C-24FD-475B-9AD4-52242B11641F}.Release|Any CPU.Build.0 = Release|Any CPU
		{2EEF8D7A-22B3-4B61-9262-DEF7089A4056}.Debug|Any CPU.ActiveCfg = Debug|Any CPU
		{2EEF8D7A-22B3-4B61-9262-DEF7089A4056}.Debug|Any CPU.Build.0 = Debug|Any CPU
		{2EEF8D7A-22B3-4B61-9262-DEF7089A4056}.Release|Any CPU.ActiveCfg = Release|Any CPU
		{2EEF8D7A-22B3-4B61-9262-DEF7089A4056}.Release|Any CPU.Build.0 = Release|Any CPU
		{C1A3380B-EC01-4E9A-8B0C-A9317B5A22D0}.Debug|Any CPU.ActiveCfg = Debug|Any CPU
		{C1A3380B-EC01-4E9A-8B0C-A9317B5A22D0}.Debug|Any CPU.Build.0 = Debug|Any CPU
		{C1A3380B-EC01-4E9A-8B0C-A9317B5A22D0}.Release|Any CPU.ActiveCfg = Release|Any CPU
		{C1A3380B-EC01-4E9A-8B0C-A9317B5A22D0}.Release|Any CPU.Build.0 = Release|Any CPU
		{A7CD9DC7-FA21-410F-9A85-1F69A8687FA2}.Debug|Any CPU.ActiveCfg = Debug|Any CPU
		{A7CD9DC7-FA21-410F-9A85-1F69A8687FA2}.Debug|Any CPU.Build.0 = Debug|Any CPU
		{A7CD9DC7-FA21-410F-9A85-1F69A8687FA2}.Release|Any CPU.ActiveCfg = Release|Any CPU
		{A7CD9DC7-FA21-410F-9A85-1F69A8687FA2}.Release|Any CPU.Build.0 = Release|Any CPU
		{2A87ED35-DBF1-4AF4-AC70-6BD075405B7B}.Debug|Any CPU.ActiveCfg = Debug|Any CPU
		{2A87ED35-DBF1-4AF4-AC70-6BD075405B7B}.Debug|Any CPU.Build.0 = Debug|Any CPU
		{2A87ED35-DBF1-4AF4-AC70-6BD075405B7B}.Release|Any CPU.ActiveCfg = Release|Any CPU
		{2A87ED35-DBF1-4AF4-AC70-6BD075405B7B}.Release|Any CPU.Build.0 = Release|Any CPU
	EndGlobalSection
EndGlobal
